
Microsoft Visual Studio Solution File, Format Version 12.00
# Visual Studio Version 17
VisualStudioVersion = 17.0.31903.59
MinimumVisualStudioVersion = 10.0.40219.1
Project("{FAE04EC0-301F-11D3-BF4B-00C04F79EFBC}") = "Sample2", "Sample2\Sample2.csproj", "{676076C9-2FEC-4B13-B822-C805CF1CCAEB}"
EndProject
Project("{FAE04EC0-301F-11D3-BF4B-00C04F79EFBC}") = "Sample_Tests", "Sample_Tests\Sample_Tests.csproj", "{4EAC34F3-2492-41D7-B77D-AF3E79374B98}"
EndProject
Global
	GlobalSection(SolutionConfigurationPlatforms) = preSolution
		Debug|Any CPU = Debug|Any CPU
		Release|Any CPU = Release|Any CPU
	EndGlobalSection
	GlobalSection(SolutionProperties) = preSolution
		HideSolutionNode = FALSE
	EndGlobalSection
	GlobalSection(ProjectConfigurationPlatforms) = postSolution
		{676076C9-2FEC-4B13-B822-C805CF1CCAEB}.Debug|Any CPU.ActiveCfg = Debug|Any CPU
		{676076C9-2FEC-4B13-B822-C805CF1CCAEB}.Debug|Any CPU.Build.0 = Debug|Any CPU
		{676076C9-2FEC-4B13-B822-C805CF1CCAEB}.Release|Any CPU.ActiveCfg = Release|Any CPU
		{676076C9-2FEC-4B13-B822-C805CF1CCAEB}.Release|Any CPU.Build.0 = Release|Any CPU
		{4EAC34F3-2492-41D7-B77D-AF3E79374B98}.Debug|Any CPU.ActiveCfg = Debug|Any CPU
		{4EAC34F3-2492-41D7-B77D-AF3E79374B98}.Debug|Any CPU.Build.0 = Debug|Any CPU
		{4EAC34F3-2492-41D7-B77D-AF3E79374B98}.Release|Any CPU.ActiveCfg = Release|Any CPU
		{4EAC34F3-2492-41D7-B77D-AF3E79374B98}.Release|Any CPU.Build.0 = Release|Any CPU
	EndGlobalSection
EndGlobal
